schema: '2.0'
stages:
  data_ingestion:
    cmd: python src/data/data_ingestion.py
    deps:
    - path: src/data/data_ingestion.py
      hash: md5
      md5: c3d91deb43d7d1b280de6c6c92e2a364
      size: 4577
    params:
      params.yaml:
        data_ingestion.test_size: 0.35
    outs:
    - path: data/raw
      hash: md5
      md5: 0c642e831fa8bf4e4602fc12c967e6ce.dir
      size: 649243
      nfiles: 2
  data_preprocessing:
    cmd: python src/data/data_preprocessing.py
    deps:
    - path: data/raw
      hash: md5
      md5: 0c642e831fa8bf4e4602fc12c967e6ce.dir
      size: 649243
      nfiles: 2
    - path: src/data/data_preprocessing.py
      hash: md5
      md5: a0d0986f1695b3e851d0f37dad4451b8
      size: 2909
    outs:
    - path: data/interim
      hash: md5
      md5: 74d33fc97f0cffe4b9909224f4777238.dir
      size: 401173
      nfiles: 2
  feature_engineering:
    cmd: python src/features/feature_engineering.py
    deps:
    - path: data/interim
      hash: md5
      md5: 74d33fc97f0cffe4b9909224f4777238.dir
      size: 401173
      nfiles: 2
    - path: src/features/feature_engineering.py
      hash: md5
      md5: cfaf71fa8bd1fae8af5abc3cbbe3387b
      size: 3447
    params:
      params.yaml:
        feature_engineering.max_features: 60
    outs:
    - path: data/processed
      hash: md5
      md5: ddff8a0bffe98021de758eac15b2ec90.dir
      size: 61943
      nfiles: 2
    - path: models/vectorizer.pkl
      hash: md5
      md5: e6cd642d23bb3cfc87b1b14a342521d8
      size: 1893
  model_building:
    cmd: python src/model/model_building.py
    deps:
    - path: data/processed
      hash: md5
      md5: ddff8a0bffe98021de758eac15b2ec90.dir
      size: 61943
      nfiles: 2
    - path: src/model/model_building.py
      hash: md5
      md5: 0147f56dbbab9cf1065b67f3cf72e473
      size: 1859
    outs:
    - path: models/model.pkl
      hash: md5
      md5: 79e1a3bb458d4d6fe929297d5b1a841c
      size: 1194
  model_evaluation:
    cmd: python src/model/model_evaluation.py
    deps:
    - path: models/model.pkl
      hash: md5
      md5: 79e1a3bb458d4d6fe929297d5b1a841c
      size: 1194
    - path: src/model/model_evaluation.py
      hash: md5
      md5: bd898b681718eeeb660448cb37730e45
      size: 5527
    outs:
    - path: reports/experiment_info.json
      hash: md5
      md5: 6283cc4c96ba1c5ca7f1c45e5aa43a9d
      size: 82
    - path: reports/metrics.json
      hash: md5
      md5: 7680a8ba6485e5148a2ba06d185f89dd
      size: 144
  model_registration:
    cmd: python src/model/register_model.py
    deps:
    - path: reports/experiment_info.json
      hash: md5
      md5: 6283cc4c96ba1c5ca7f1c45e5aa43a9d
      size: 82
    - path: src/model/register_model.py
      hash: md5
      md5: ce47d1d2d196f6048edef547c8407f0d
      size: 3107
